
Microsoft Visual Studio Solution File, Format Version 12.00
# Visual Studio 15
VisualStudioVersion = 15.0.27130.2003
MinimumVisualStudioVersion = 10.0.40219.1
Project("{FAE04EC0-301F-11D3-BF4B-00C04F79EFBC}") = "hilos", "hilos\hilos.csproj", "{65E2BFD0-C383-421F-96EE-1E2A3A817718}"
EndProject
Global
	GlobalSection(SolutionConfigurationPlatforms) = preSolution
		Debug|Any CPU = Debug|Any CPU
		Release|Any CPU = Release|Any CPU
	EndGlobalSection
	GlobalSection(ProjectConfigurationPlatforms) = postSolution
		{65E2BFD0-C383-421F-96EE-1E2A3A817718}.Debug|Any CPU.ActiveCfg = Debug|Any CPU
		{65E2BFD0-C383-421F-96EE-1E2A3A817718}.Debug|Any CPU.Build.0 = Debug|Any CPU
		{65E2BFD0-C383-421F-96EE-1E2A3A817718}.Release|Any CPU.ActiveCfg = Release|Any CPU
		{65E2BFD0-C383-421F-96EE-1E2A3A817718}.Release|Any CPU.Build.0 = Release|Any CPU
	EndGlobalSection
	GlobalSection(SolutionProperties) = preSolution
		HideSolutionNode = FALSE
	EndGlobalSection
	GlobalSection(ExtensibilityGlobals) = postSolution
		SolutionGuid = {B57953C1-D518-41C2-880E-E0DAA4DB4E73}
	EndGlobalSection
EndGlobal
